// !$*UTF8*$!
{
	archiveVersion = 1;
	classes = {
	};
	objectVersion = 50;
	objects = {

/* Begin PBXBuildFile section */
		9A5C436F25DE958A0075AA2C /* GenkouyouShiApp.swift in Sources */ = {isa = PBXBuildFile; fileRef = 9A5C436E25DE958A0075AA2C /* GenkouyouShiApp.swift */; };
		9A5C437125DE958A0075AA2C /* ContentView.swift in Sources */ = {isa = PBXBuildFile; fileRef = 9A5C437025DE958A0075AA2C /* ContentView.swift */; };
		9A5C437325DE958B0075AA2C /* Assets.xcassets in Resources */ = {isa = PBXBuildFile; fileRef = 9A5C437225DE958B0075AA2C /* Assets.xcassets */; };
		9A5C437625DE958B0075AA2C /* Preview Assets.xcassets in Resources */ = {isa = PBXBuildFile; fileRef = 9A5C437525DE958B0075AA2C /* Preview Assets.xcassets */; };
		9AA5D54425F31A0500EC6DF1 /* TategakiTextView.swift in Sources */ = {isa = PBXBuildFile; fileRef = 9AA5D54325F31A0500EC6DF1 /* TategakiTextView.swift */; };
		9AA5D54725F3239A00EC6DF1 /* InputAndDisplay.swift in Sources */ = {isa = PBXBuildFile; fileRef = 9AA5D54625F3239A00EC6DF1 /* InputAndDisplay.swift */; };
		9AA5D54A25F32C1600EC6DF1 /* InputAndDisplayTate.swift in Sources */ = {isa = PBXBuildFile; fileRef = 9AA5D54925F32C1600EC6DF1 /* InputAndDisplayTate.swift */; };
/* End PBXBuildFile section */

/* Begin PBXFileReference section */
		9A5C436B25DE958A0075AA2C /* GenkouyouShi.app */ = {isa = PBXFileReference; explicitFileType = wrapper.application; includeInIndex = 0; path = GenkouyouShi.app; sourceTree = BUILT_PRODUCTS_DIR; };
		9A5C436E25DE958A0075AA2C /* GenkouyouShiApp.swift */ = {isa = PBXFileReference; lastKnownFileType = sourcecode.swift; path = GenkouyouShiApp.swift; sourceTree = "<group>"; };
		9A5C437025DE958A0075AA2C /* ContentView.swift */ = {isa = PBXFileReference; lastKnownFileType = sourcecode.swift; path = ContentView.swift; sourceTree = "<group>"; };
		9A5C437225DE958B0075AA2C /* Assets.xcassets */ = {isa = PBXFileReference; lastKnownFileType = folder.assetcatalog; path = Assets.xcassets; sourceTree = "<group>"; };
		9A5C437525DE958B0075AA2C /* Preview Assets.xcassets */ = {isa = PBXFileReference; lastKnownFileType = folder.assetcatalog; path = "Preview Assets.xcassets"; sourceTree = "<group>"; };
		9A5C437725DE958B0075AA2C /* Info.plist */ = {isa = PBXFileReference; lastKnownFileType = text.plist.xml; path = Info.plist; sourceTree = "<group>"; };
		9AA5D54325F31A0500EC6DF1 /* TategakiTextView.swift */ = {isa = PBXFileReference; lastKnownFileType = sourcecode.swift; path = TategakiTextView.swift; sourceTree = "<group>"; };
		9AA5D54625F3239A00EC6DF1 /* InputAndDisplay.swift */ = {isa = PBXFileReference; lastKnownFileType = sourcecode.swift; path = InputAndDisplay.swift; sourceTree = "<group>"; };
		9AA5D54925F32C1600EC6DF1 /* InputAndDisplayTate.swift */ = {isa = PBXFileReference; lastKnownFileType = sourcecode.swift; path = InputAndDisplayTate.swift; sourceTree = "<group>"; };
/* End PBXFileReference section */

/* Begin PBXFrameworksBuildPhase section */
		9A5C436825DE958A0075AA2C /* Frameworks */ = {
			isa = PBXFrameworksBuildPhase;
			buildActionMask = 2147483647;
			files = (
			);
			runOnlyForDeploymentPostprocessing = 0;
		};
/* End PBXFrameworksBuildPhase section */

/* Begin PBXGroup section */
		9A5C436225DE958A0075AA2C = {
			isa = PBXGroup;
			children = (
				9A5C436D25DE958A0075AA2C /* GenkouyouShi */,
				9A5C436C25DE958A0075AA2C /* Products */,
			);
			sourceTree = "<group>";
		};
		9A5C436C25DE958A0075AA2C /* Products */ = {
			isa = PBXGroup;
			children = (
				9A5C436B25DE958A0075AA2C /* GenkouyouShi.app */,
			);
			name = Products;
			sourceTree = "<group>";
		};
		9A5C436D25DE958A0075AA2C /* GenkouyouShi */ = {
			isa = PBXGroup;
			children = (
				9A5C436E25DE958A0075AA2C /* GenkouyouShiApp.swift */,
				9A5C437025DE958A0075AA2C /* ContentView.swift */,
				9AA5D54325F31A0500EC6DF1 /* TategakiTextView.swift */,
				9AA5D54625F3239A00EC6DF1 /* InputAndDisplay.swift */,
				9AA5D54925F32C1600EC6DF1 /* InputAndDisplayTate.swift */,
				9A5C437225DE958B0075AA2C /* Assets.xcassets */,
				9A5C437725DE958B0075AA2C /* Info.plist */,
				9A5C437425DE958B0075AA2C /* Preview Content */,
			);
			path = GenkouyouShi;
			sourceTree = "<group>";
		};
		9A5C437425DE958B0075AA2C /* Preview Content */ = {
			isa = PBXGroup;
			children = (
				9A5C437525DE958B0075AA2C /* Preview Assets.xcassets */,
			);
			path = "Preview Content";
			sourceTree = "<group>";
		};
/* End PBXGroup section */

/* Begin PBXNativeTarget section */
		9A5C436A25DE958A0075AA2C /* GenkouyouShi */ = {
			isa = PBXNativeTarget;
			buildConfigurationList = 9A5C437A25DE958B0075AA2C /* Build configuration list for PBXNativeTarget "GenkouyouShi" */;
			buildPhases = (
				9A5C436725DE958A0075AA2C /* Sources */,
				9A5C436825DE958A0075AA2C /* Frameworks */,
				9A5C436925DE958A0075AA2C /* Resources */,
			);
			buildRules = (
			);
			dependencies = (
			);
			name = GenkouyouShi;
			productName = GenkouyouShi;
			productReference = 9A5C436B25DE958A0075AA2C /* GenkouyouShi.app */;
			productType = "com.apple.product-type.application";
		};
/* End PBXNativeTarget section */

/* Begin PBXProject section */
		9A5C436325DE958A0075AA2C /* Project object */ = {
			isa = PBXProject;
			attributes = {
				LastSwiftUpdateCheck = 1220;
				LastUpgradeCheck = 1220;
				TargetAttributes = {
					9A5C436A25DE958A0075AA2C = {
						CreatedOnToolsVersion = 12.2;
					};
				};
			};
			buildConfigurationList = 9A5C436625DE958A0075AA2C /* Build configuration list for PBXProject "GenkouyouShi" */;
			compatibilityVersion = "Xcode 9.3";
			developmentRegion = en;
			hasScannedForEncodings = 0;
			knownRegions = (
				en,
				Base,
			);
			mainGroup = 9A5C436225DE958A0075AA2C;
			productRefGroup = 9A5C436C25DE958A0075AA2C /* Products */;
			projectDirPath = "";
			projectRoot = "";
			targets = (
				9A5C436A25DE958A0075AA2C /* GenkouyouShi */,
			);
		};
/* End PBXProject section */

/* Begin PBXResourcesBuildPhase section */
		9A5C436925DE958A0075AA2C /* Resources */ = {
			isa = PBXResourcesBuildPhase;
			buildActionMask = 2147483647;
			files = (
				9A5C437625DE958B0075AA2C /* Preview Assets.xcassets in Resources */,
				9A5C437325DE958B0075AA2C /* Assets.xcassets in Resources */,
			);
			runOnlyForDeploymentPostprocessing = 0;
		};
/* End PBXResourcesBuildPhase section */

/* Begin PBXSourcesBuildPhase section */
		9A5C436725DE958A0075AA2C /* Sources */ = {
			isa = PBXSourcesBuildPhase;
			buildActionMask = 2147483647;
			files = (
				9AA5D54A25F32C1600EC6DF1 /* InputAndDisplayTate.swift in Sources */,
				9A5C437125DE958A0075AA2C /* ContentView.swift in Sources */,
				9AA5D54725F3239A00EC6DF1 /* InputAndDisplay.swift in Sources */,
				9AA5D54425F31A0500EC6DF1 /* TategakiTextView.swift in Sources */,
				9A5C436F25DE958A0075AA2C /* GenkouyouShiApp.swift in Sources */,
			);
			runOnlyForDeploymentPostprocessing = 0;
		};
/* End PBXSourcesBuildPhase section */

/* Begin XCBuildConfiguration section */
		9A5C437825DE958B0075AA2C /* Debug */ = {
			isa = XCBuildConfiguration;
			buildSettings = {
				ALWAYS_SEARCH_USER_PATHS = NO;
				CLANG_ANALYZER_NONNULL = YES;
				CLANG_ANALYZER_NUMBER_OBJECT_CONVERSION = YES_AGGRESSIVE;
				CLANG_CXX_LANGUAGE_STANDARD = "gnu++14";
				CLANG_CXX_LIBRARY = "libc++";
				CLANG_ENABLE_MODULES = YES;
				CLANG_ENABLE_OBJC_ARC = YES;
				CLANG_ENABLE_OBJC_WEAK = YES;
				CLANG_WARN_BLOCK_CAPTURE_AUTORELEASING = YES;
				CLANG_WARN_BOOL_CONVERSION = YES;
				CLANG_WARN_COMMA = YES;
				CLANG_WARN_CONSTANT_CONVERSION = YES;
				CLANG_WARN_DEPRECATED_OBJC_IMPLEMENTATIONS = YES;
				CLANG_WARN_DIRECT_OBJC_ISA_USAGE = YES_ERROR;
				CLANG_WARN_DOCUMENTATION_COMMENTS = YES;
				CLANG_WARN_EMPTY_BODY = YES;
				CLANG_WARN_ENUM_CONVERSION = YES;
				CLANG_WARN_INFINITE_RECURSION = YES;
				CLANG_WARN_INT_CONVERSION = YES;
				CLANG_WARN_NON_LITERAL_NULL_CONVERSION = YES;
				CLANG_WARN_OBJC_IMPLICIT_RETAIN_SELF = YES;
				CLANG_WARN_OBJC_LITERAL_CONVERSION = YES;
				CLANG_WARN_OBJC_ROOT_CLASS = YES_ERROR;
				CLANG_WARN_QUOTED_INCLUDE_IN_FRAMEWORK_HEADER = YES;
				CLANG_WARN_RANGE_LOOP_ANALYSIS = YES;
				CLANG_WARN_STRICT_PROTOTYPES = YES;
				CLANG_WARN_SUSPICIOUS_MOVE = YES;
				CLANG_WARN_UNGUARDED_AVAILABILITY = YES_AGGRESSIVE;
				CLANG_WARN_UNREACHABLE_CODE = YES;
				CLANG_WARN__DUPLICATE_METHOD_MATCH = YES;
				COPY_PHASE_STRIP = NO;
				DEBUG_INFORMATION_FORMAT = dwarf;
				ENABLE_STRICT_OBJC_MSGSEND = YES;
				ENABLE_TESTABILITY = YES;
				GCC_C_LANGUAGE_STANDARD = gnu11;
				GCC_DYNAMIC_NO_PIC = NO;
				GCC_NO_COMMON_BLOCKS = YES;
				GCC_OPTIMIZATION_LEVEL = 0;
				GCC_PREPROCESSOR_DEFINITIONS = (
					"DEBUG=1",
					"$(inherited)",
				);
				GCC_WARN_64_TO_32_BIT_CONVERSION = YES;
				GCC_WARN_ABOUT_RETURN_TYPE = YES_ERROR;
				GCC_WARN_UNDECLARED_SELECTOR = YES;
				GCC_WARN_UNINITIALIZED_AUTOS = YES_AGGRESSIVE;
				GCC_WARN_UNUSED_FUNCTION = YES;
				GCC_WARN_UNUSED_VARIABLE = YES;
				IPHONEOS_DEPLOYMENT_TARGET = 14.2;
				MTL_ENABLE_DEBUG_INFO = INCLUDE_SOURCE;
				MTL_FAST_MATH = YES;
				ONLY_ACTIVE_ARCH = YES;
				SDKROOT = iphoneos;
				SWIFT_ACTIVE_COMPILATION_CONDITIONS = DEBUG;
				SWIFT_OPTIMIZATION_LEVEL = "-Onone";
			};
			name = Debug;
		};
		9A5C437925DE958B0075AA2C /* Release */ = {
			isa = XCBuildConfiguration;
			buildSettings = {
				ALWAYS_SEARCH_USER_PATHS = NO;
				CLANG_ANALYZER_NONNULL = YES;
				CLANG_ANALYZER_NUMBER_OBJECT_CONVERSION = YES_AGGRESSIVE;
				CLANG_CXX_LANGUAGE_STANDARD = "gnu++14";
				CLANG_CXX_LIBRARY = "libc++";
				CLANG_ENABLE_MODULES = YES;
				CLANG_ENABLE_OBJC_ARC = YES;
				CLANG_ENABLE_OBJC_WEAK = YES;
				CLANG_WARN_BLOCK_CAPTURE_AUTORELEASING = YES;
				CLANG_WARN_BOOL_CONVERSION = YES;
				CLANG_WARN_COMMA = YES;
				CLANG_WARN_CONSTANT_CONVERSION = YES;
				CLANG_WARN_DEPRECATED_OBJC_IMPLEMENTATIONS = YES;
				CLANG_WARN_DIRECT_OBJC_ISA_USAGE = YES_ERROR;
				CLANG_WARN_DOCUMENTATION_COMMENTS = YES;
				CLANG_WARN_EMPTY_BODY = YES;
				CLANG_WARN_ENUM_CONVERSION = YES;
				CLANG_WARN_INFINITE_RECURSION = YES;
				CLANG_WARN_INT_CONVERSION = YES;
				CLANG_WARN_NON_LITERAL_NULL_CONVERSION = YES;
				CLANG_WARN_OBJC_IMPLICIT_RETAIN_SELF = YES;
				CLANG_WARN_OBJC_LITERAL_CONVERSION = YES;
				CLANG_WARN_OBJC_ROOT_CLASS = YES_ERROR;
				CLANG_WARN_QUOTED_INCLUDE_IN_FRAMEWORK_HEADER = YES;
				CLANG_WARN_RANGE_LOOP_ANALYSIS = YES;
				CLANG_WARN_STRICT_PROTOTYPES = YES;
				CLANG_WARN_SUSPICIOUS_MOVE = YES;
				CLANG_WARN_UNGUARDED_AVAILABILITY = YES_AGGRESSIVE;
				CLANG_WARN_UNREACHABLE_CODE = YES;
				CLANG_WARN__DUPLICATE_METHOD_MATCH = YES;
				COPY_PHASE_STRIP = NO;
				DEBUG_INFORMATION_FORMAT = "dwarf-with-dsym";
				ENABLE_NS_ASSERTIONS = NO;
				ENABLE_STRICT_OBJC_MSGSEND = YES;
				GCC_C_LANGUAGE_STANDARD = gnu11;
				GCC_NO_COMMON_BLOCKS = YES;
				GCC_WARN_64_TO_32_BIT_CONVERSION = YES;
				GCC_WARN_ABOUT_RETURN_TYPE = YES_ERROR;
				GCC_WARN_UNDECLARED_SELECTOR = YES;
				GCC_WARN_UNINITIALIZED_AUTOS = YES_AGGRESSIVE;
				GCC_WARN_UNUSED_FUNCTION = YES;
				GCC_WARN_UNUSED_VARIABLE = YES;
				IPHONEOS_DEPLOYMENT_TARGET = 14.2;
				MTL_ENABLE_DEBUG_INFO = NO;
				MTL_FAST_MATH = YES;
				SDKROOT = iphoneos;
				SWIFT_COMPILATION_MODE = wholemodule;
				SWIFT_OPTIMIZATION_LEVEL = "-O";
				VALIDATE_PRODUCT = YES;
			};
			name = Release;
		};
		9A5C437B25DE958B0075AA2C /* Debug */ = {
			isa = XCBuildConfiguration;
			buildSettings = {
				ASSETCATALOG_COMPILER_APPICON_NAME = AppIcon;
				ASSETCATALOG_COMPILER_GLOBAL_ACCENT_COLOR_NAME = AccentColor;
				CODE_SIGN_STYLE = Automatic;
				DEVELOPMENT_ASSET_PATHS = "\"GenkouyouShi/Preview Content\"";
				DEVELOPMENT_TEAM = LZYS6Y8AB7;
				ENABLE_PREVIEWS = YES;
				INFOPLIST_FILE = GenkouyouShi/Info.plist;
				IPHONEOS_DEPLOYMENT_TARGET = 14.0;
				LD_RUNPATH_SEARCH_PATHS = (
					"$(inherited)",
					"@executable_path/Frameworks",
				);
				PRODUCT_BUNDLE_IDENTIFIER = com.kokitakeda.GenkouyouShi;
				PRODUCT_NAME = "$(TARGET_NAME)";
				SWIFT_VERSION = 5.0;
				TARGETED_DEVICE_FAMILY = 2;
			};
			name = Debug;
		};
		9A5C437C25DE958B0075AA2C /* Release */ = {
			isa = XCBuildConfiguration;
			buildSettings = {
				ASSETCATALOG_COMPILER_APPICON_NAME = AppIcon;
				ASSETCATALOG_COMPILER_GLOBAL_ACCENT_COLOR_NAME = AccentColor;
				CODE_SIGN_STYLE = Automatic;
				DEVELOPMENT_ASSET_PATHS = "\"GenkouyouShi/Preview Content\"";
				DEVELOPMENT_TEAM = LZYS6Y8AB7;
				ENABLE_PREVIEWS = YES;
				INFOPLIST_FILE = GenkouyouShi/Info.plist;
				IPHONEOS_DEPLOYMENT_TARGET = 14.0;
				LD_RUNPATH_SEARCH_PATHS = (
					"$(inherited)",
					"@executable_path/Frameworks",
				);
				PRODUCT_BUNDLE_IDENTIFIER = com.kokitakeda.GenkouyouShi;
				PRODUCT_NAME = "$(TARGET_NAME)";
				SWIFT_VERSION = 5.0;
				TARGETED_DEVICE_FAMILY = 2;
			};
			name = Release;
		};
/* End XCBuildConfiguration section */

/* Begin XCConfigurationList section */
		9A5C436625DE958A0075AA2C /* Build configuration list for PBXProject "GenkouyouShi" */ = {
			isa = XCConfigurationList;
			buildConfigurations = (
				9A5C437825DE958B0075AA2C /* Debug */,
				9A5C437925DE958B0075AA2C /* Release */,
			);
			defaultConfigurationIsVisible = 0;
			defaultConfigurationName = Release;
		};
		9A5C437A25DE958B0075AA2C /* Build configuration list for PBXNativeTarget "GenkouyouShi" */ = {
			isa = XCConfigurationList;
			buildConfigurations = (
				9A5C437B25DE958B0075AA2C /* Debug */,
				9A5C437C25DE958B0075AA2C /* Release */,
			);
			defaultConfigurationIsVisible = 0;
			defaultConfigurationName = Release;
		};
/* End XCConfigurationList section */
	};
	rootObject = 9A5C436325DE958A0075AA2C /* Project object */;
}
