// !$*UTF8*$!
{
	archiveVersion = 1;
	classes = {
	};
	objectVersion = 50;
	objects = {

/* Begin PBXBuildFile section */
		9AA8538F261B578D002AF3F8 /* AppDelegate.swift in Sources */ = {isa = PBXBuildFile; fileRef = 9AA8538E261B578D002AF3F8 /* AppDelegate.swift */; };
		9AA85391261B578D002AF3F8 /* SceneDelegate.swift in Sources */ = {isa = PBXBuildFile; fileRef = 9AA85390261B578D002AF3F8 /* SceneDelegate.swift */; };
		9AA85393261B578D002AF3F8 /* NoteListViewController.swift in Sources */ = {isa = PBXBuildFile; fileRef = 9AA85392261B578D002AF3F8 /* NoteListViewController.swift */; };
		9AA85396261B578D002AF3F8 /* Main.storyboard in Resources */ = {isa = PBXBuildFile; fileRef = 9AA85394261B578D002AF3F8 /* Main.storyboard */; };
		9AA85398261B5790002AF3F8 /* Assets.xcassets in Resources */ = {isa = PBXBuildFile; fileRef = 9AA85397261B5790002AF3F8 /* Assets.xcassets */; };
		9AA8539B261B5790002AF3F8 /* LaunchScreen.storyboard in Resources */ = {isa = PBXBuildFile; fileRef = 9AA85399261B5790002AF3F8 /* LaunchScreen.storyboard */; };
		9AA853A5261C89F6002AF3F8 /* Note.swift in Sources */ = {isa = PBXBuildFile; fileRef = 9AA853A4261C89F6002AF3F8 /* Note.swift */; };
		9AA853AA261DE8B0002AF3F8 /* NoteEditorViewController.swift in Sources */ = {isa = PBXBuildFile; fileRef = 9AA853A9261DE8B0002AF3F8 /* NoteEditorViewController.swift */; };
		9AA853AD261DE8BF002AF3F8 /* NoteEditor.storyboard in Resources */ = {isa = PBXBuildFile; fileRef = 9AA853AC261DE8BF002AF3F8 /* NoteEditor.storyboard */; };
		9AA853BA261F3BEB002AF3F8 /* NoteListView.storyboard in Resources */ = {isa = PBXBuildFile; fileRef = 9AA853B9261F3BEB002AF3F8 /* NoteListView.storyboard */; };
/* End PBXBuildFile section */

/* Begin PBXFileReference section */
		9AA8538B261B578D002AF3F8 /* TextKitTest.app */ = {isa = PBXFileReference; explicitFileType = wrapper.application; includeInIndex = 0; path = TextKitTest.app; sourceTree = BUILT_PRODUCTS_DIR; };
		9AA8538E261B578D002AF3F8 /* AppDelegate.swift */ = {isa = PBXFileReference; lastKnownFileType = sourcecode.swift; path = AppDelegate.swift; sourceTree = "<group>"; };
		9AA85390261B578D002AF3F8 /* SceneDelegate.swift */ = {isa = PBXFileReference; lastKnownFileType = sourcecode.swift; path = SceneDelegate.swift; sourceTree = "<group>"; };
		9AA85392261B578D002AF3F8 /* NoteListViewController.swift */ = {isa = PBXFileReference; lastKnownFileType = sourcecode.swift; path = NoteListViewController.swift; sourceTree = "<group>"; };
		9AA85395261B578D002AF3F8 /* Base */ = {isa = PBXFileReference; lastKnownFileType = file.storyboard; name = Base; path = Base.lproj/Main.storyboard; sourceTree = "<group>"; };
		9AA85397261B5790002AF3F8 /* Assets.xcassets */ = {isa = PBXFileReference; lastKnownFileType = folder.assetcatalog; path = Assets.xcassets; sourceTree = "<group>"; };
		9AA8539A261B5790002AF3F8 /* Base */ = {isa = PBXFileReference; lastKnownFileType = file.storyboard; name = Base; path = Base.lproj/LaunchScreen.storyboard; sourceTree = "<group>"; };
		9AA8539C261B5790002AF3F8 /* Info.plist */ = {isa = PBXFileReference; lastKnownFileType = text.plist.xml; path = Info.plist; sourceTree = "<group>"; };
		9AA853A4261C89F6002AF3F8 /* Note.swift */ = {isa = PBXFileReference; lastKnownFileType = sourcecode.swift; path = Note.swift; sourceTree = "<group>"; };
		9AA853A9261DE8B0002AF3F8 /* NoteEditorViewController.swift */ = {isa = PBXFileReference; lastKnownFileType = sourcecode.swift; path = NoteEditorViewController.swift; sourceTree = "<group>"; };
		9AA853AC261DE8BF002AF3F8 /* NoteEditor.storyboard */ = {isa = PBXFileReference; lastKnownFileType = file.storyboard; path = NoteEditor.storyboard; sourceTree = "<group>"; };
		9AA853B9261F3BEB002AF3F8 /* NoteListView.storyboard */ = {isa = PBXFileReference; lastKnownFileType = file.storyboard; path = NoteListView.storyboard; sourceTree = "<group>"; };
/* End PBXFileReference section */

/* Begin PBXFrameworksBuildPhase section */
		9AA85388261B578D002AF3F8 /* Frameworks */ = {
			isa = PBXFrameworksBuildPhase;
			buildActionMask = 2147483647;
			files = (
			);
			runOnlyForDeploymentPostprocessing = 0;
		};
/* End PBXFrameworksBuildPhase section */

/* Begin PBXGroup section */
		9AA85382261B578D002AF3F8 = {
			isa = PBXGroup;
			children = (
				9AA8538D261B578D002AF3F8 /* TextKitTest */,
				9AA8538C261B578D002AF3F8 /* Products */,
			);
			sourceTree = "<group>";
		};
		9AA8538C261B578D002AF3F8 /* Products */ = {
			isa = PBXGroup;
			children = (
				9AA8538B261B578D002AF3F8 /* TextKitTest.app */,
			);
			name = Products;
			sourceTree = "<group>";
		};
		9AA8538D261B578D002AF3F8 /* TextKitTest */ = {
			isa = PBXGroup;
			children = (
				9AA8538E261B578D002AF3F8 /* AppDelegate.swift */,
				9AA85390261B578D002AF3F8 /* SceneDelegate.swift */,
				9AA853B0261DE8EA002AF3F8 /* Common */,
				9AA853BC261F3BF4002AF3F8 /* NoteList */,
				9AA853AF261DE8D6002AF3F8 /* NoteEditor */,
				9AA85397261B5790002AF3F8 /* Assets.xcassets */,
				9AA85399261B5790002AF3F8 /* LaunchScreen.storyboard */,
				9AA8539C261B5790002AF3F8 /* Info.plist */,
			);
			path = TextKitTest;
			sourceTree = "<group>";
		};
		9AA853AF261DE8D6002AF3F8 /* NoteEditor */ = {
			isa = PBXGroup;
			children = (
				9AA853AC261DE8BF002AF3F8 /* NoteEditor.storyboard */,
				9AA853C2261F3CA8002AF3F8 /* ViewController */,
				9AA853C3261F3CB3002AF3F8 /* View */,
			);
			path = NoteEditor;
			sourceTree = "<group>";
		};
		9AA853B0261DE8EA002AF3F8 /* Common */ = {
			isa = PBXGroup;
			children = (
				9AA85394261B578D002AF3F8 /* Main.storyboard */,
				9AA853B1261DE8F4002AF3F8 /* Entity */,
			);
			path = Common;
			sourceTree = "<group>";
		};
		9AA853B1261DE8F4002AF3F8 /* Entity */ = {
			isa = PBXGroup;
			children = (
				9AA853A4261C89F6002AF3F8 /* Note.swift */,
			);
			path = Entity;
			sourceTree = "<group>";
		};
		9AA853BC261F3BF4002AF3F8 /* NoteList */ = {
			isa = PBXGroup;
			children = (
				9AA853B9261F3BEB002AF3F8 /* NoteListView.storyboard */,
				9AA853BD261F3C0C002AF3F8 /* ViewController */,
				9AA853BE261F3C22002AF3F8 /* View */,
			);
			path = NoteList;
			sourceTree = "<group>";
		};
		9AA853BD261F3C0C002AF3F8 /* ViewController */ = {
			isa = PBXGroup;
			children = (
				9AA85392261B578D002AF3F8 /* NoteListViewController.swift */,
			);
			path = ViewController;
			sourceTree = "<group>";
		};
		9AA853BE261F3C22002AF3F8 /* View */ = {
			isa = PBXGroup;
			children = (
			);
			path = View;
			sourceTree = "<group>";
		};
		9AA853C2261F3CA8002AF3F8 /* ViewController */ = {
			isa = PBXGroup;
			children = (
				9AA853A9261DE8B0002AF3F8 /* NoteEditorViewController.swift */,
			);
			path = ViewController;
			sourceTree = "<group>";
		};
		9AA853C3261F3CB3002AF3F8 /* View */ = {
			isa = PBXGroup;
			children = (
			);
			path = View;
			sourceTree = "<group>";
		};
/* End PBXGroup section */

/* Begin PBXNativeTarget section */
		9AA8538A261B578D002AF3F8 /* TextKitTest */ = {
			isa = PBXNativeTarget;
			buildConfigurationList = 9AA8539F261B5790002AF3F8 /* Build configuration list for PBXNativeTarget "TextKitTest" */;
			buildPhases = (
				9AA85387261B578D002AF3F8 /* Sources */,
				9AA85388261B578D002AF3F8 /* Frameworks */,
				9AA85389261B578D002AF3F8 /* Resources */,
			);
			buildRules = (
			);
			dependencies = (
			);
			name = TextKitTest;
			productName = TextKitTest;
			productReference = 9AA8538B261B578D002AF3F8 /* TextKitTest.app */;
			productType = "com.apple.product-type.application";
		};
/* End PBXNativeTarget section */

/* Begin PBXProject section */
		9AA85383261B578D002AF3F8 /* Project object */ = {
			isa = PBXProject;
			attributes = {
				LastSwiftUpdateCheck = 1240;
				LastUpgradeCheck = 1240;
				TargetAttributes = {
					9AA8538A261B578D002AF3F8 = {
						CreatedOnToolsVersion = 12.4;
					};
				};
			};
			buildConfigurationList = 9AA85386261B578D002AF3F8 /* Build configuration list for PBXProject "TextKitTest" */;
			compatibilityVersion = "Xcode 9.3";
			developmentRegion = en;
			hasScannedForEncodings = 0;
			knownRegions = (
				en,
				Base,
			);
			mainGroup = 9AA85382261B578D002AF3F8;
			productRefGroup = 9AA8538C261B578D002AF3F8 /* Products */;
			projectDirPath = "";
			projectRoot = "";
			targets = (
				9AA8538A261B578D002AF3F8 /* TextKitTest */,
			);
		};
/* End PBXProject section */

/* Begin PBXResourcesBuildPhase section */
		9AA85389261B578D002AF3F8 /* Resources */ = {
			isa = PBXResourcesBuildPhase;
			buildActionMask = 2147483647;
			files = (
				9AA853BA261F3BEB002AF3F8 /* NoteListView.storyboard in Resources */,
				9AA8539B261B5790002AF3F8 /* LaunchScreen.storyboard in Resources */,
				9AA853AD261DE8BF002AF3F8 /* NoteEditor.storyboard in Resources */,
				9AA85398261B5790002AF3F8 /* Assets.xcassets in Resources */,
				9AA85396261B578D002AF3F8 /* Main.storyboard in Resources */,
			);
			runOnlyForDeploymentPostprocessing = 0;
		};
/* End PBXResourcesBuildPhase section */

/* Begin PBXSourcesBuildPhase section */
		9AA85387261B578D002AF3F8 /* Sources */ = {
			isa = PBXSourcesBuildPhase;
			buildActionMask = 2147483647;
			files = (
				9AA85393261B578D002AF3F8 /* NoteListViewController.swift in Sources */,
				9AA853AA261DE8B0002AF3F8 /* NoteEditorViewController.swift in Sources */,
				9AA8538F261B578D002AF3F8 /* AppDelegate.swift in Sources */,
				9AA85391261B578D002AF3F8 /* SceneDelegate.swift in Sources */,
				9AA853A5261C89F6002AF3F8 /* Note.swift in Sources */,
			);
			runOnlyForDeploymentPostprocessing = 0;
		};
/* End PBXSourcesBuildPhase section */

/* Begin PBXVariantGroup section */
		9AA85394261B578D002AF3F8 /* Main.storyboard */ = {
			isa = PBXVariantGroup;
			children = (
				9AA85395261B578D002AF3F8 /* Base */,
			);
			name = Main.storyboard;
			sourceTree = "<group>";
		};
		9AA85399261B5790002AF3F8 /* LaunchScreen.storyboard */ = {
			isa = PBXVariantGroup;
			children = (
				9AA8539A261B5790002AF3F8 /* Base */,
			);
			name = LaunchScreen.storyboard;
			sourceTree = "<group>";
		};
/* End PBXVariantGroup section */

/* Begin XCBuildConfiguration section */
		9AA8539D261B5790002AF3F8 /* Debug */ = {
			isa = XCBuildConfiguration;
			buildSettings = {
				ALWAYS_SEARCH_USER_PATHS = NO;
				CLANG_ANALYZER_NONNULL = YES;
				CLANG_ANALYZER_NUMBER_OBJECT_CONVERSION = YES_AGGRESSIVE;
				CLANG_CXX_LANGUAGE_STANDARD = "gnu++14";
				CLANG_CXX_LIBRARY = "libc++";
				CLANG_ENABLE_MODULES = YES;
				CLANG_ENABLE_OBJC_ARC = YES;
				CLANG_ENABLE_OBJC_WEAK = YES;
				CLANG_WARN_BLOCK_CAPTURE_AUTORELEASING = YES;
				CLANG_WARN_BOOL_CONVERSION = YES;
				CLANG_WARN_COMMA = YES;
				CLANG_WARN_CONSTANT_CONVERSION = YES;
				CLANG_WARN_DEPRECATED_OBJC_IMPLEMENTATIONS = YES;
				CLANG_WARN_DIRECT_OBJC_ISA_USAGE = YES_ERROR;
				CLANG_WARN_DOCUMENTATION_COMMENTS = YES;
				CLANG_WARN_EMPTY_BODY = YES;
				CLANG_WARN_ENUM_CONVERSION = YES;
				CLANG_WARN_INFINITE_RECURSION = YES;
				CLANG_WARN_INT_CONVERSION = YES;
				CLANG_WARN_NON_LITERAL_NULL_CONVERSION = YES;
				CLANG_WARN_OBJC_IMPLICIT_RETAIN_SELF = YES;
				CLANG_WARN_OBJC_LITERAL_CONVERSION = YES;
				CLANG_WARN_OBJC_ROOT_CLASS = YES_ERROR;
				CLANG_WARN_QUOTED_INCLUDE_IN_FRAMEWORK_HEADER = YES;
				CLANG_WARN_RANGE_LOOP_ANALYSIS = YES;
				CLANG_WARN_STRICT_PROTOTYPES = YES;
				CLANG_WARN_SUSPICIOUS_MOVE = YES;
				CLANG_WARN_UNGUARDED_AVAILABILITY = YES_AGGRESSIVE;
				CLANG_WARN_UNREACHABLE_CODE = YES;
				CLANG_WARN__DUPLICATE_METHOD_MATCH = YES;
				COPY_PHASE_STRIP = NO;
				DEBUG_INFORMATION_FORMAT = dwarf;
				ENABLE_STRICT_OBJC_MSGSEND = YES;
				ENABLE_TESTABILITY = YES;
				GCC_C_LANGUAGE_STANDARD = gnu11;
				GCC_DYNAMIC_NO_PIC = NO;
				GCC_NO_COMMON_BLOCKS = YES;
				GCC_OPTIMIZATION_LEVEL = 0;
				GCC_PREPROCESSOR_DEFINITIONS = (
					"DEBUG=1",
					"$(inherited)",
				);
				GCC_WARN_64_TO_32_BIT_CONVERSION = YES;
				GCC_WARN_ABOUT_RETURN_TYPE = YES_ERROR;
				GCC_WARN_UNDECLARED_SELECTOR = YES;
				GCC_WARN_UNINITIALIZED_AUTOS = YES_AGGRESSIVE;
				GCC_WARN_UNUSED_FUNCTION = YES;
				GCC_WARN_UNUSED_VARIABLE = YES;
				IPHONEOS_DEPLOYMENT_TARGET = 14.4;
				MTL_ENABLE_DEBUG_INFO = INCLUDE_SOURCE;
				MTL_FAST_MATH = YES;
				ONLY_ACTIVE_ARCH = YES;
				SDKROOT = iphoneos;
				SWIFT_ACTIVE_COMPILATION_CONDITIONS = DEBUG;
				SWIFT_OPTIMIZATION_LEVEL = "-Onone";
			};
			name = Debug;
		};
		9AA8539E261B5790002AF3F8 /* Release */ = {
			isa = XCBuildConfiguration;
			buildSettings = {
				ALWAYS_SEARCH_USER_PATHS = NO;
				CLANG_ANALYZER_NONNULL = YES;
				CLANG_ANALYZER_NUMBER_OBJECT_CONVERSION = YES_AGGRESSIVE;
				CLANG_CXX_LANGUAGE_STANDARD = "gnu++14";
				CLANG_CXX_LIBRARY = "libc++";
				CLANG_ENABLE_MODULES = YES;
				CLANG_ENABLE_OBJC_ARC = YES;
				CLANG_ENABLE_OBJC_WEAK = YES;
				CLANG_WARN_BLOCK_CAPTURE_AUTORELEASING = YES;
				CLANG_WARN_BOOL_CONVERSION = YES;
				CLANG_WARN_COMMA = YES;
				CLANG_WARN_CONSTANT_CONVERSION = YES;
				CLANG_WARN_DEPRECATED_OBJC_IMPLEMENTATIONS = YES;
				CLANG_WARN_DIRECT_OBJC_ISA_USAGE = YES_ERROR;
				CLANG_WARN_DOCUMENTATION_COMMENTS = YES;
				CLANG_WARN_EMPTY_BODY = YES;
				CLANG_WARN_ENUM_CONVERSION = YES;
				CLANG_WARN_INFINITE_RECURSION = YES;
				CLANG_WARN_INT_CONVERSION = YES;
				CLANG_WARN_NON_LITERAL_NULL_CONVERSION = YES;
				CLANG_WARN_OBJC_IMPLICIT_RETAIN_SELF = YES;
				CLANG_WARN_OBJC_LITERAL_CONVERSION = YES;
				CLANG_WARN_OBJC_ROOT_CLASS = YES_ERROR;
				CLANG_WARN_QUOTED_INCLUDE_IN_FRAMEWORK_HEADER = YES;
				CLANG_WARN_RANGE_LOOP_ANALYSIS = YES;
				CLANG_WARN_STRICT_PROTOTYPES = YES;
				CLANG_WARN_SUSPICIOUS_MOVE = YES;
				CLANG_WARN_UNGUARDED_AVAILABILITY = YES_AGGRESSIVE;
				CLANG_WARN_UNREACHABLE_CODE = YES;
				CLANG_WARN__DUPLICATE_METHOD_MATCH = YES;
				COPY_PHASE_STRIP = NO;
				DEBUG_INFORMATION_FORMAT = "dwarf-with-dsym";
				ENABLE_NS_ASSERTIONS = NO;
				ENABLE_STRICT_OBJC_MSGSEND = YES;
				GCC_C_LANGUAGE_STANDARD = gnu11;
				GCC_NO_COMMON_BLOCKS = YES;
				GCC_WARN_64_TO_32_BIT_CONVERSION = YES;
				GCC_WARN_ABOUT_RETURN_TYPE = YES_ERROR;
				GCC_WARN_UNDECLARED_SELECTOR = YES;
				GCC_WARN_UNINITIALIZED_AUTOS = YES_AGGRESSIVE;
				GCC_WARN_UNUSED_FUNCTION = YES;
				GCC_WARN_UNUSED_VARIABLE = YES;
				IPHONEOS_DEPLOYMENT_TARGET = 14.4;
				MTL_ENABLE_DEBUG_INFO = NO;
				MTL_FAST_MATH = YES;
				SDKROOT = iphoneos;
				SWIFT_COMPILATION_MODE = wholemodule;
				SWIFT_OPTIMIZATION_LEVEL = "-O";
				VALIDATE_PRODUCT = YES;
			};
			name = Release;
		};
		9AA853A0261B5790002AF3F8 /* Debug */ = {
			isa = XCBuildConfiguration;
			buildSettings = {
				ASSETCATALOG_COMPILER_APPICON_NAME = AppIcon;
				ASSETCATALOG_COMPILER_GLOBAL_ACCENT_COLOR_NAME = AccentColor;
				CODE_SIGN_STYLE = Automatic;
				DEVELOPMENT_TEAM = LZYS6Y8AB7;
				INFOPLIST_FILE = TextKitTest/Info.plist;
				LD_RUNPATH_SEARCH_PATHS = (
					"$(inherited)",
					"@executable_path/Frameworks",
				);
				PRODUCT_BUNDLE_IDENTIFIER = com.kokitakeda.TextKitTest;
				PRODUCT_NAME = "$(TARGET_NAME)";
				SWIFT_VERSION = 5.0;
				TARGETED_DEVICE_FAMILY = "1,2";
			};
			name = Debug;
		};
		9AA853A1261B5790002AF3F8 /* Release */ = {
			isa = XCBuildConfiguration;
			buildSettings = {
				ASSETCATALOG_COMPILER_APPICON_NAME = AppIcon;
				ASSETCATALOG_COMPILER_GLOBAL_ACCENT_COLOR_NAME = AccentColor;
				CODE_SIGN_STYLE = Automatic;
				DEVELOPMENT_TEAM = LZYS6Y8AB7;
				INFOPLIST_FILE = TextKitTest/Info.plist;
				LD_RUNPATH_SEARCH_PATHS = (
					"$(inherited)",
					"@executable_path/Frameworks",
				);
				PRODUCT_BUNDLE_IDENTIFIER = com.kokitakeda.TextKitTest;
				PRODUCT_NAME = "$(TARGET_NAME)";
				SWIFT_VERSION = 5.0;
				TARGETED_DEVICE_FAMILY = "1,2";
			};
			name = Release;
		};
/* End XCBuildConfiguration section */

/* Begin XCConfigurationList section */
		9AA85386261B578D002AF3F8 /* Build configuration list for PBXProject "TextKitTest" */ = {
			isa = XCConfigurationList;
			buildConfigurations = (
				9AA8539D261B5790002AF3F8 /* Debug */,
				9AA8539E261B5790002AF3F8 /* Release */,
			);
			defaultConfigurationIsVisible = 0;
			defaultConfigurationName = Release;
		};
		9AA8539F261B5790002AF3F8 /* Build configuration list for PBXNativeTarget "TextKitTest" */ = {
			isa = XCConfigurationList;
			buildConfigurations = (
				9AA853A0261B5790002AF3F8 /* Debug */,
				9AA853A1261B5790002AF3F8 /* Release */,
			);
			defaultConfigurationIsVisible = 0;
			defaultConfigurationName = Release;
		};
/* End XCConfigurationList section */
	};
	rootObject = 9AA85383261B578D002AF3F8 /* Project object */;
}
