// !$*UTF8*$!
{
	archiveVersion = 1;
	classes = {
	};
	objectVersion = 55;
	objects = {

/* Begin PBXBuildFile section */
		9A4516FE27B7B84D00DA5363 /* BaseView.swift in Sources */ = {isa = PBXBuildFile; fileRef = 9A4516FD27B7B84D00DA5363 /* BaseView.swift */; };
		9A45170627B8A36900DA5363 /* String+UIValue.swift in Sources */ = {isa = PBXBuildFile; fileRef = 9A45170527B8A36900DA5363 /* String+UIValue.swift */; };
		9A45170827B8A41B00DA5363 /* UIView+Material.swift in Sources */ = {isa = PBXBuildFile; fileRef = 9A45170727B8A41B00DA5363 /* UIView+Material.swift */; };
		9A45170927B8A4CE00DA5363 /* SceneDelegate.swift in Sources */ = {isa = PBXBuildFile; fileRef = 9ACCD0872786C3BD00877ABE /* SceneDelegate.swift */; };
		9A45170A27B8A4D300DA5363 /* DemoListEntity.swift in Sources */ = {isa = PBXBuildFile; fileRef = 9A4516E827B6E9DF00DA5363 /* DemoListEntity.swift */; };
		9A45170B27B8A4D600DA5363 /* DemoListPresenter.swift in Sources */ = {isa = PBXBuildFile; fileRef = 9A4516EA27B6EB5A00DA5363 /* DemoListPresenter.swift */; };
		9A45170C27B8A4D800DA5363 /* DemoListRouter.swift in Sources */ = {isa = PBXBuildFile; fileRef = 9A4516EC27B6EC8000DA5363 /* DemoListRouter.swift */; };
		9A45170D27B8A4DE00DA5363 /* DemoListViewController.swift in Sources */ = {isa = PBXBuildFile; fileRef = 9A4516E527B6E94000DA5363 /* DemoListViewController.swift */; };
		9A45170E27B8A4E200DA5363 /* DemoListViewController.storyboard in Resources */ = {isa = PBXBuildFile; fileRef = 9A4516F227B6EFB300DA5363 /* DemoListViewController.storyboard */; };
		9A45170F27B8A4EA00DA5363 /* DemoListCollectionViewCell.swift in Sources */ = {isa = PBXBuildFile; fileRef = 9A4516F827B6F5FA00DA5363 /* DemoListCollectionViewCell.swift */; };
		9A45171027B8A4ED00DA5363 /* DemoListCollectionViewCell.xib in Resources */ = {isa = PBXBuildFile; fileRef = 9A45170127B893BC00DA5363 /* DemoListCollectionViewCell.xib */; };
		9A7460A3279D9B7B00905C75 /* UIViewController+Ex.swift in Sources */ = {isa = PBXBuildFile; fileRef = 9A7460A2279D9B7B00905C75 /* UIViewController+Ex.swift */; };
		9A7460A7279EE8D200905C75 /* EditorInteractor.swift in Sources */ = {isa = PBXBuildFile; fileRef = 9A7460A6279EE8D200905C75 /* EditorInteractor.swift */; };
		9A7460B027A574DC00905C75 /* EditEntity.swift in Sources */ = {isa = PBXBuildFile; fileRef = 9A7460AF27A574DC00905C75 /* EditEntity.swift */; };
		9A7460BF27A594A900905C75 /* TategakiContainerPresenter.swift in Sources */ = {isa = PBXBuildFile; fileRef = 9A7460BE27A594A900905C75 /* TategakiContainerPresenter.swift */; };
		9A7460C127A67F8700905C75 /* TategakiContainerRouter.swift in Sources */ = {isa = PBXBuildFile; fileRef = 9A7460C027A67F8700905C75 /* TategakiContainerRouter.swift */; };
		9A82429C278745D800251DC1 /* TategakiContainerViewController.swift in Sources */ = {isa = PBXBuildFile; fileRef = 9A82429B278745D800251DC1 /* TategakiContainerViewController.swift */; };
		9A8242A32796C5DA00251DC1 /* EditorPresenter.swift in Sources */ = {isa = PBXBuildFile; fileRef = 9A8242A22796C5DA00251DC1 /* EditorPresenter.swift */; };
		9ACCD0862786C3BD00877ABE /* AppDelegate.swift in Sources */ = {isa = PBXBuildFile; fileRef = 9ACCD0852786C3BD00877ABE /* AppDelegate.swift */; };
		9ACCD08A2786C3BD00877ABE /* EditorViewController.swift in Sources */ = {isa = PBXBuildFile; fileRef = 9ACCD0892786C3BD00877ABE /* EditorViewController.swift */; };
		9ACCD08D2786C3BD00877ABE /* EditorViewController.storyboard in Resources */ = {isa = PBXBuildFile; fileRef = 9ACCD08B2786C3BD00877ABE /* EditorViewController.storyboard */; };
		9ACCD08F2786C3BF00877ABE /* Assets.xcassets in Resources */ = {isa = PBXBuildFile; fileRef = 9ACCD08E2786C3BF00877ABE /* Assets.xcassets */; };
		9ACCD0922786C3BF00877ABE /* LaunchScreen.storyboard in Resources */ = {isa = PBXBuildFile; fileRef = 9ACCD0902786C3BF00877ABE /* LaunchScreen.storyboard */; };
		9ACCD09A2786C3D400877ABE /* TategakiView.swift in Sources */ = {isa = PBXBuildFile; fileRef = 9ACCD0992786C3D400877ABE /* TategakiView.swift */; };
		9AF7A39B279D7F5500484C37 /* EditorRouter.swift in Sources */ = {isa = PBXBuildFile; fileRef = 9AF7A39A279D7F5500484C37 /* EditorRouter.swift */; };
/* End PBXBuildFile section */

/* Begin PBXFileReference section */
		9A4516E527B6E94000DA5363 /* DemoListViewController.swift */ = {isa = PBXFileReference; lastKnownFileType = sourcecode.swift; path = DemoListViewController.swift; sourceTree = "<group>"; };
		9A4516E827B6E9DF00DA5363 /* DemoListEntity.swift */ = {isa = PBXFileReference; lastKnownFileType = sourcecode.swift; path = DemoListEntity.swift; sourceTree = "<group>"; };
		9A4516EA27B6EB5A00DA5363 /* DemoListPresenter.swift */ = {isa = PBXFileReference; lastKnownFileType = sourcecode.swift; path = DemoListPresenter.swift; sourceTree = "<group>"; };
		9A4516EC27B6EC8000DA5363 /* DemoListRouter.swift */ = {isa = PBXFileReference; lastKnownFileType = sourcecode.swift; path = DemoListRouter.swift; sourceTree = "<group>"; };
		9A4516F127B6EFB300DA5363 /* Base */ = {isa = PBXFileReference; lastKnownFileType = file.storyboard; name = Base; path = Base.lproj/DemoListViewController.storyboard; sourceTree = "<group>"; };
		9A4516F827B6F5FA00DA5363 /* DemoListCollectionViewCell.swift */ = {isa = PBXFileReference; lastKnownFileType = sourcecode.swift; path = DemoListCollectionViewCell.swift; sourceTree = "<group>"; };
		9A4516FD27B7B84D00DA5363 /* BaseView.swift */ = {isa = PBXFileReference; lastKnownFileType = sourcecode.swift; path = BaseView.swift; sourceTree = "<group>"; };
		9A45170127B893BC00DA5363 /* DemoListCollectionViewCell.xib */ = {isa = PBXFileReference; lastKnownFileType = file.xib; path = DemoListCollectionViewCell.xib; sourceTree = "<group>"; };
		9A45170527B8A36900DA5363 /* String+UIValue.swift */ = {isa = PBXFileReference; lastKnownFileType = sourcecode.swift; path = "String+UIValue.swift"; sourceTree = "<group>"; };
		9A45170727B8A41B00DA5363 /* UIView+Material.swift */ = {isa = PBXFileReference; lastKnownFileType = sourcecode.swift; path = "UIView+Material.swift"; sourceTree = "<group>"; };
		9A7460A2279D9B7B00905C75 /* UIViewController+Ex.swift */ = {isa = PBXFileReference; fileEncoding = 4; lastKnownFileType = sourcecode.swift; path = "UIViewController+Ex.swift"; sourceTree = "<group>"; };
		9A7460A6279EE8D200905C75 /* EditorInteractor.swift */ = {isa = PBXFileReference; lastKnownFileType = sourcecode.swift; path = EditorInteractor.swift; sourceTree = "<group>"; };
		9A7460AF27A574DC00905C75 /* EditEntity.swift */ = {isa = PBXFileReference; lastKnownFileType = sourcecode.swift; path = EditEntity.swift; sourceTree = "<group>"; };
		9A7460BE27A594A900905C75 /* TategakiContainerPresenter.swift */ = {isa = PBXFileReference; lastKnownFileType = sourcecode.swift; path = TategakiContainerPresenter.swift; sourceTree = "<group>"; };
		9A7460C027A67F8700905C75 /* TategakiContainerRouter.swift */ = {isa = PBXFileReference; lastKnownFileType = sourcecode.swift; path = TategakiContainerRouter.swift; sourceTree = "<group>"; };
		9A82429B278745D800251DC1 /* TategakiContainerViewController.swift */ = {isa = PBXFileReference; lastKnownFileType = sourcecode.swift; path = TategakiContainerViewController.swift; sourceTree = "<group>"; };
		9A8242A22796C5DA00251DC1 /* EditorPresenter.swift */ = {isa = PBXFileReference; lastKnownFileType = sourcecode.swift; path = EditorPresenter.swift; sourceTree = "<group>"; };
		9ACCD0822786C3BD00877ABE /* GenkouyoushiView01.app */ = {isa = PBXFileReference; explicitFileType = wrapper.application; includeInIndex = 0; path = GenkouyoushiView01.app; sourceTree = BUILT_PRODUCTS_DIR; };
		9ACCD0852786C3BD00877ABE /* AppDelegate.swift */ = {isa = PBXFileReference; lastKnownFileType = sourcecode.swift; path = AppDelegate.swift; sourceTree = "<group>"; };
		9ACCD0872786C3BD00877ABE /* SceneDelegate.swift */ = {isa = PBXFileReference; lastKnownFileType = sourcecode.swift; path = SceneDelegate.swift; sourceTree = "<group>"; };
		9ACCD0892786C3BD00877ABE /* EditorViewController.swift */ = {isa = PBXFileReference; lastKnownFileType = sourcecode.swift; path = EditorViewController.swift; sourceTree = "<group>"; };
		9ACCD08C2786C3BD00877ABE /* Base */ = {isa = PBXFileReference; lastKnownFileType = file.storyboard; name = Base; path = Base.lproj/EditorViewController.storyboard; sourceTree = "<group>"; };
		9ACCD08E2786C3BF00877ABE /* Assets.xcassets */ = {isa = PBXFileReference; lastKnownFileType = folder.assetcatalog; path = Assets.xcassets; sourceTree = "<group>"; };
		9ACCD0912786C3BF00877ABE /* Base */ = {isa = PBXFileReference; lastKnownFileType = file.storyboard; name = Base; path = Base.lproj/LaunchScreen.storyboard; sourceTree = "<group>"; };
		9ACCD0932786C3BF00877ABE /* Info.plist */ = {isa = PBXFileReference; lastKnownFileType = text.plist.xml; path = Info.plist; sourceTree = "<group>"; };
		9ACCD0992786C3D400877ABE /* TategakiView.swift */ = {isa = PBXFileReference; fileEncoding = 4; lastKnownFileType = sourcecode.swift; path = TategakiView.swift; sourceTree = "<group>"; };
		9AF7A39A279D7F5500484C37 /* EditorRouter.swift */ = {isa = PBXFileReference; lastKnownFileType = sourcecode.swift; path = EditorRouter.swift; sourceTree = "<group>"; };
/* End PBXFileReference section */

/* Begin PBXFrameworksBuildPhase section */
		9ACCD07F2786C3BD00877ABE /* Frameworks */ = {
			isa = PBXFrameworksBuildPhase;
			buildActionMask = 2147483647;
			files = (
			);
			runOnlyForDeploymentPostprocessing = 0;
		};
/* End PBXFrameworksBuildPhase section */

/* Begin PBXGroup section */
		9A4516DA27B6D82C00DA5363 /* TategakiContainerView */ = {
			isa = PBXGroup;
			children = (
				9A4516DC27B6D84F00DA5363 /* Routers */,
				9A4516DB27B6D83E00DA5363 /* Presenter */,
				9A4516DD27B6D86400DA5363 /* Views */,
			);
			path = TategakiContainerView;
			sourceTree = "<group>";
		};
		9A4516DB27B6D83E00DA5363 /* Presenter */ = {
			isa = PBXGroup;
			children = (
				9A7460BE27A594A900905C75 /* TategakiContainerPresenter.swift */,
			);
			path = Presenter;
			sourceTree = "<group>";
		};
		9A4516DC27B6D84F00DA5363 /* Routers */ = {
			isa = PBXGroup;
			children = (
				9A7460C027A67F8700905C75 /* TategakiContainerRouter.swift */,
			);
			path = Routers;
			sourceTree = "<group>";
		};
		9A4516DD27B6D86400DA5363 /* Views */ = {
			isa = PBXGroup;
			children = (
				9A82429B278745D800251DC1 /* TategakiContainerViewController.swift */,
				9ACCD0992786C3D400877ABE /* TategakiView.swift */,
			);
			path = Views;
			sourceTree = "<group>";
		};
		9A4516E127B6E8E500DA5363 /* DemoListView */ = {
			isa = PBXGroup;
			children = (
				9A4516E727B6E9BC00DA5363 /* Entities */,
				9A4516E427B6E91000DA5363 /* Presenters */,
				9A4516E327B6E90600DA5363 /* Routers */,
				9A4516E227B6E8FB00DA5363 /* Views */,
			);
			path = DemoListView;
			sourceTree = "<group>";
		};
		9A4516E227B6E8FB00DA5363 /* Views */ = {
			isa = PBXGroup;
			children = (
				9A4516E527B6E94000DA5363 /* DemoListViewController.swift */,
				9A4516F227B6EFB300DA5363 /* DemoListViewController.storyboard */,
				9A4516F827B6F5FA00DA5363 /* DemoListCollectionViewCell.swift */,
				9A45170127B893BC00DA5363 /* DemoListCollectionViewCell.xib */,
			);
			path = Views;
			sourceTree = "<group>";
		};
		9A4516E327B6E90600DA5363 /* Routers */ = {
			isa = PBXGroup;
			children = (
				9A4516EC27B6EC8000DA5363 /* DemoListRouter.swift */,
			);
			path = Routers;
			sourceTree = "<group>";
		};
		9A4516E427B6E91000DA5363 /* Presenters */ = {
			isa = PBXGroup;
			children = (
				9A4516EA27B6EB5A00DA5363 /* DemoListPresenter.swift */,
			);
			path = Presenters;
			sourceTree = "<group>";
		};
		9A4516E727B6E9BC00DA5363 /* Entities */ = {
			isa = PBXGroup;
			children = (
				9A4516E827B6E9DF00DA5363 /* DemoListEntity.swift */,
			);
			path = Entities;
			sourceTree = "<group>";
		};
		9A4516FC27B7B83C00DA5363 /* UIParts */ = {
			isa = PBXGroup;
			children = (
				9A4516FD27B7B84D00DA5363 /* BaseView.swift */,
			);
			path = UIParts;
			sourceTree = "<group>";
		};
		9A7460A4279D9B8700905C75 /* Extensions */ = {
			isa = PBXGroup;
			children = (
				9A7460A5279D9BAA00905C75 /* UIView */,
			);
			path = Extensions;
			sourceTree = "<group>";
		};
		9A7460A5279D9BAA00905C75 /* UIView */ = {
			isa = PBXGroup;
			children = (
				9A7460A2279D9B7B00905C75 /* UIViewController+Ex.swift */,
				9A45170527B8A36900DA5363 /* String+UIValue.swift */,
				9A45170727B8A41B00DA5363 /* UIView+Material.swift */,
			);
			path = UIView;
			sourceTree = "<group>";
		};
		9A7460A827A0F3F900905C75 /* Repository */ = {
			isa = PBXGroup;
			children = (
			);
			path = Repository;
			sourceTree = "<group>";
		};
		9A7460AE27A5741B00905C75 /* Entities */ = {
			isa = PBXGroup;
			children = (
				9A7460AF27A574DC00905C75 /* EditEntity.swift */,
			);
			path = Entities;
			sourceTree = "<group>";
		};
		9A7460B127A5793500905C75 /* modules */ = {
			isa = PBXGroup;
			children = (
				9A4516E127B6E8E500DA5363 /* DemoListView */,
				9A82429D2795774200251DC1 /* EditorView */,
				9A4516DA27B6D82C00DA5363 /* TategakiContainerView */,
			);
			path = modules;
			sourceTree = "<group>";
		};
		9A82429D2795774200251DC1 /* EditorView */ = {
			isa = PBXGroup;
			children = (
				9A7460AE27A5741B00905C75 /* Entities */,
				9A82429E2795775D00251DC1 /* Interactors */,
				9A82429F2795777B00251DC1 /* Presenters */,
				9A8242A02795778E00251DC1 /* Routers */,
				9A8242A12795779E00251DC1 /* Views */,
			);
			path = EditorView;
			sourceTree = "<group>";
		};
		9A82429E2795775D00251DC1 /* Interactors */ = {
			isa = PBXGroup;
			children = (
				9A7460A6279EE8D200905C75 /* EditorInteractor.swift */,
			);
			path = Interactors;
			sourceTree = "<group>";
		};
		9A82429F2795777B00251DC1 /* Presenters */ = {
			isa = PBXGroup;
			children = (
				9A8242A22796C5DA00251DC1 /* EditorPresenter.swift */,
			);
			path = Presenters;
			sourceTree = "<group>";
		};
		9A8242A02795778E00251DC1 /* Routers */ = {
			isa = PBXGroup;
			children = (
				9AF7A39A279D7F5500484C37 /* EditorRouter.swift */,
			);
			path = Routers;
			sourceTree = "<group>";
		};
		9A8242A12795779E00251DC1 /* Views */ = {
			isa = PBXGroup;
			children = (
				9ACCD0892786C3BD00877ABE /* EditorViewController.swift */,
				9ACCD08B2786C3BD00877ABE /* EditorViewController.storyboard */,
			);
			path = Views;
			sourceTree = "<group>";
		};
		9ACCD0792786C3BD00877ABE = {
			isa = PBXGroup;
			children = (
				9ACCD0842786C3BD00877ABE /* GenkouyoushiView01 */,
				9ACCD0832786C3BD00877ABE /* Products */,
			);
			sourceTree = "<group>";
		};
		9ACCD0832786C3BD00877ABE /* Products */ = {
			isa = PBXGroup;
			children = (
				9ACCD0822786C3BD00877ABE /* GenkouyoushiView01.app */,
			);
			name = Products;
			sourceTree = "<group>";
		};
		9ACCD0842786C3BD00877ABE /* GenkouyoushiView01 */ = {
			isa = PBXGroup;
			children = (
				9ACCD0852786C3BD00877ABE /* AppDelegate.swift */,
				9ACCD0872786C3BD00877ABE /* SceneDelegate.swift */,
				9A7460A4279D9B8700905C75 /* Extensions */,
				9A7460B127A5793500905C75 /* modules */,
				9A7460A827A0F3F900905C75 /* Repository */,
				9A4516FC27B7B83C00DA5363 /* UIParts */,
				9ACCD08E2786C3BF00877ABE /* Assets.xcassets */,
				9ACCD0902786C3BF00877ABE /* LaunchScreen.storyboard */,
				9ACCD0932786C3BF00877ABE /* Info.plist */,
			);
			path = GenkouyoushiView01;
			sourceTree = "<group>";
		};
/* End PBXGroup section */

/* Begin PBXNativeTarget section */
		9ACCD0812786C3BD00877ABE /* GenkouyoushiView01 */ = {
			isa = PBXNativeTarget;
			buildConfigurationList = 9ACCD0962786C3BF00877ABE /* Build configuration list for PBXNativeTarget "GenkouyoushiView01" */;
			buildPhases = (
				9ACCD07E2786C3BD00877ABE /* Sources */,
				9ACCD07F2786C3BD00877ABE /* Frameworks */,
				9ACCD0802786C3BD00877ABE /* Resources */,
			);
			buildRules = (
			);
			dependencies = (
			);
			name = GenkouyoushiView01;
			packageProductDependencies = (
			);
			productName = GenkouyoushiView01;
			productReference = 9ACCD0822786C3BD00877ABE /* GenkouyoushiView01.app */;
			productType = "com.apple.product-type.application";
		};
/* End PBXNativeTarget section */

/* Begin PBXProject section */
		9ACCD07A2786C3BD00877ABE /* Project object */ = {
			isa = PBXProject;
			attributes = {
				BuildIndependentTargetsInParallel = 1;
				LastSwiftUpdateCheck = 1310;
				LastUpgradeCheck = 1310;
				TargetAttributes = {
					9ACCD0812786C3BD00877ABE = {
						CreatedOnToolsVersion = 13.1;
					};
				};
			};
			buildConfigurationList = 9ACCD07D2786C3BD00877ABE /* Build configuration list for PBXProject "GenkouyoushiView01" */;
			compatibilityVersion = "Xcode 13.0";
			developmentRegion = en;
			hasScannedForEncodings = 0;
			knownRegions = (
				en,
				Base,
			);
			mainGroup = 9ACCD0792786C3BD00877ABE;
			packageReferences = (
			);
			productRefGroup = 9ACCD0832786C3BD00877ABE /* Products */;
			projectDirPath = "";
			projectRoot = "";
			targets = (
				9ACCD0812786C3BD00877ABE /* GenkouyoushiView01 */,
			);
		};
/* End PBXProject section */

/* Begin PBXResourcesBuildPhase section */
		9ACCD0802786C3BD00877ABE /* Resources */ = {
			isa = PBXResourcesBuildPhase;
			buildActionMask = 2147483647;
			files = (
				9A45170E27B8A4E200DA5363 /* DemoListViewController.storyboard in Resources */,
				9ACCD0922786C3BF00877ABE /* LaunchScreen.storyboard in Resources */,
				9ACCD08F2786C3BF00877ABE /* Assets.xcassets in Resources */,
				9ACCD08D2786C3BD00877ABE /* EditorViewController.storyboard in Resources */,
				9A45171027B8A4ED00DA5363 /* DemoListCollectionViewCell.xib in Resources */,
			);
			runOnlyForDeploymentPostprocessing = 0;
		};
/* End PBXResourcesBuildPhase section */

/* Begin PBXSourcesBuildPhase section */
		9ACCD07E2786C3BD00877ABE /* Sources */ = {
			isa = PBXSourcesBuildPhase;
			buildActionMask = 2147483647;
			files = (
				9ACCD08A2786C3BD00877ABE /* EditorViewController.swift in Sources */,
				9A45170B27B8A4D600DA5363 /* DemoListPresenter.swift in Sources */,
				9A7460A3279D9B7B00905C75 /* UIViewController+Ex.swift in Sources */,
				9A82429C278745D800251DC1 /* TategakiContainerViewController.swift in Sources */,
				9ACCD0862786C3BD00877ABE /* AppDelegate.swift in Sources */,
				9A7460BF27A594A900905C75 /* TategakiContainerPresenter.swift in Sources */,
				9A45170927B8A4CE00DA5363 /* SceneDelegate.swift in Sources */,
				9ACCD09A2786C3D400877ABE /* TategakiView.swift in Sources */,
				9A45170827B8A41B00DA5363 /* UIView+Material.swift in Sources */,
				9A7460A7279EE8D200905C75 /* EditorInteractor.swift in Sources */,
				9AF7A39B279D7F5500484C37 /* EditorRouter.swift in Sources */,
				9A45170627B8A36900DA5363 /* String+UIValue.swift in Sources */,
				9A7460B027A574DC00905C75 /* EditEntity.swift in Sources */,
				9A7460C127A67F8700905C75 /* TategakiContainerRouter.swift in Sources */,
				9A45170F27B8A4EA00DA5363 /* DemoListCollectionViewCell.swift in Sources */,
				9A45170A27B8A4D300DA5363 /* DemoListEntity.swift in Sources */,
				9A45170C27B8A4D800DA5363 /* DemoListRouter.swift in Sources */,
				9A45170D27B8A4DE00DA5363 /* DemoListViewController.swift in Sources */,
				9A4516FE27B7B84D00DA5363 /* BaseView.swift in Sources */,
				9A8242A32796C5DA00251DC1 /* EditorPresenter.swift in Sources */,
			);
			runOnlyForDeploymentPostprocessing = 0;
		};
/* End PBXSourcesBuildPhase section */

/* Begin PBXVariantGroup section */
		9A4516F227B6EFB300DA5363 /* DemoListViewController.storyboard */ = {
			isa = PBXVariantGroup;
			children = (
				9A4516F127B6EFB300DA5363 /* Base */,
			);
			name = DemoListViewController.storyboard;
			sourceTree = "<group>";
		};
		9ACCD08B2786C3BD00877ABE /* EditorViewController.storyboard */ = {
			isa = PBXVariantGroup;
			children = (
				9ACCD08C2786C3BD00877ABE /* Base */,
			);
			name = EditorViewController.storyboard;
			sourceTree = "<group>";
		};
		9ACCD0902786C3BF00877ABE /* LaunchScreen.storyboard */ = {
			isa = PBXVariantGroup;
			children = (
				9ACCD0912786C3BF00877ABE /* Base */,
			);
			name = LaunchScreen.storyboard;
			sourceTree = "<group>";
		};
/* End PBXVariantGroup section */

/* Begin XCBuildConfiguration section */
		9ACCD0942786C3BF00877ABE /* Debug */ = {
			isa = XCBuildConfiguration;
			buildSettings = {
				ALWAYS_SEARCH_USER_PATHS = NO;
				CLANG_ANALYZER_NONNULL = YES;
				CLANG_ANALYZER_NUMBER_OBJECT_CONVERSION = YES_AGGRESSIVE;
				CLANG_CXX_LANGUAGE_STANDARD = "gnu++17";
				CLANG_CXX_LIBRARY = "libc++";
				CLANG_ENABLE_MODULES = YES;
				CLANG_ENABLE_OBJC_ARC = YES;
				CLANG_ENABLE_OBJC_WEAK = YES;
				CLANG_WARN_BLOCK_CAPTURE_AUTORELEASING = YES;
				CLANG_WARN_BOOL_CONVERSION = YES;
				CLANG_WARN_COMMA = YES;
				CLANG_WARN_CONSTANT_CONVERSION = YES;
				CLANG_WARN_DEPRECATED_OBJC_IMPLEMENTATIONS = YES;
				CLANG_WARN_DIRECT_OBJC_ISA_USAGE = YES_ERROR;
				CLANG_WARN_DOCUMENTATION_COMMENTS = YES;
				CLANG_WARN_EMPTY_BODY = YES;
				CLANG_WARN_ENUM_CONVERSION = YES;
				CLANG_WARN_INFINITE_RECURSION = YES;
				CLANG_WARN_INT_CONVERSION = YES;
				CLANG_WARN_NON_LITERAL_NULL_CONVERSION = YES;
				CLANG_WARN_OBJC_IMPLICIT_RETAIN_SELF = YES;
				CLANG_WARN_OBJC_LITERAL_CONVERSION = YES;
				CLANG_WARN_OBJC_ROOT_CLASS = YES_ERROR;
				CLANG_WARN_QUOTED_INCLUDE_IN_FRAMEWORK_HEADER = YES;
				CLANG_WARN_RANGE_LOOP_ANALYSIS = YES;
				CLANG_WARN_STRICT_PROTOTYPES = YES;
				CLANG_WARN_SUSPICIOUS_MOVE = YES;
				CLANG_WARN_UNGUARDED_AVAILABILITY = YES_AGGRESSIVE;
				CLANG_WARN_UNREACHABLE_CODE = YES;
				CLANG_WARN__DUPLICATE_METHOD_MATCH = YES;
				COPY_PHASE_STRIP = NO;
				DEBUG_INFORMATION_FORMAT = dwarf;
				ENABLE_STRICT_OBJC_MSGSEND = YES;
				ENABLE_TESTABILITY = YES;
				GCC_C_LANGUAGE_STANDARD = gnu11;
				GCC_DYNAMIC_NO_PIC = NO;
				GCC_NO_COMMON_BLOCKS = YES;
				GCC_OPTIMIZATION_LEVEL = 0;
				GCC_PREPROCESSOR_DEFINITIONS = (
					"DEBUG=1",
					"$(inherited)",
				);
				GCC_WARN_64_TO_32_BIT_CONVERSION = YES;
				GCC_WARN_ABOUT_RETURN_TYPE = YES_ERROR;
				GCC_WARN_UNDECLARED_SELECTOR = YES;
				GCC_WARN_UNINITIALIZED_AUTOS = YES_AGGRESSIVE;
				GCC_WARN_UNUSED_FUNCTION = YES;
				GCC_WARN_UNUSED_VARIABLE = YES;
				IPHONEOS_DEPLOYMENT_TARGET = 15.0;
				MTL_ENABLE_DEBUG_INFO = INCLUDE_SOURCE;
				MTL_FAST_MATH = YES;
				ONLY_ACTIVE_ARCH = YES;
				SDKROOT = iphoneos;
				SWIFT_ACTIVE_COMPILATION_CONDITIONS = DEBUG;
				SWIFT_OPTIMIZATION_LEVEL = "-Onone";
			};
			name = Debug;
		};
		9ACCD0952786C3BF00877ABE /* Release */ = {
			isa = XCBuildConfiguration;
			buildSettings = {
				ALWAYS_SEARCH_USER_PATHS = NO;
				CLANG_ANALYZER_NONNULL = YES;
				CLANG_ANALYZER_NUMBER_OBJECT_CONVERSION = YES_AGGRESSIVE;
				CLANG_CXX_LANGUAGE_STANDARD = "gnu++17";
				CLANG_CXX_LIBRARY = "libc++";
				CLANG_ENABLE_MODULES = YES;
				CLANG_ENABLE_OBJC_ARC = YES;
				CLANG_ENABLE_OBJC_WEAK = YES;
				CLANG_WARN_BLOCK_CAPTURE_AUTORELEASING = YES;
				CLANG_WARN_BOOL_CONVERSION = YES;
				CLANG_WARN_COMMA = YES;
				CLANG_WARN_CONSTANT_CONVERSION = YES;
				CLANG_WARN_DEPRECATED_OBJC_IMPLEMENTATIONS = YES;
				CLANG_WARN_DIRECT_OBJC_ISA_USAGE = YES_ERROR;
				CLANG_WARN_DOCUMENTATION_COMMENTS = YES;
				CLANG_WARN_EMPTY_BODY = YES;
				CLANG_WARN_ENUM_CONVERSION = YES;
				CLANG_WARN_INFINITE_RECURSION = YES;
				CLANG_WARN_INT_CONVERSION = YES;
				CLANG_WARN_NON_LITERAL_NULL_CONVERSION = YES;
				CLANG_WARN_OBJC_IMPLICIT_RETAIN_SELF = YES;
				CLANG_WARN_OBJC_LITERAL_CONVERSION = YES;
				CLANG_WARN_OBJC_ROOT_CLASS = YES_ERROR;
				CLANG_WARN_QUOTED_INCLUDE_IN_FRAMEWORK_HEADER = YES;
				CLANG_WARN_RANGE_LOOP_ANALYSIS = YES;
				CLANG_WARN_STRICT_PROTOTYPES = YES;
				CLANG_WARN_SUSPICIOUS_MOVE = YES;
				CLANG_WARN_UNGUARDED_AVAILABILITY = YES_AGGRESSIVE;
				CLANG_WARN_UNREACHABLE_CODE = YES;
				CLANG_WARN__DUPLICATE_METHOD_MATCH = YES;
				COPY_PHASE_STRIP = NO;
				DEBUG_INFORMATION_FORMAT = "dwarf-with-dsym";
				ENABLE_NS_ASSERTIONS = NO;
				ENABLE_STRICT_OBJC_MSGSEND = YES;
				GCC_C_LANGUAGE_STANDARD = gnu11;
				GCC_NO_COMMON_BLOCKS = YES;
				GCC_WARN_64_TO_32_BIT_CONVERSION = YES;
				GCC_WARN_ABOUT_RETURN_TYPE = YES_ERROR;
				GCC_WARN_UNDECLARED_SELECTOR = YES;
				GCC_WARN_UNINITIALIZED_AUTOS = YES_AGGRESSIVE;
				GCC_WARN_UNUSED_FUNCTION = YES;
				GCC_WARN_UNUSED_VARIABLE = YES;
				IPHONEOS_DEPLOYMENT_TARGET = 15.0;
				MTL_ENABLE_DEBUG_INFO = NO;
				MTL_FAST_MATH = YES;
				SDKROOT = iphoneos;
				SWIFT_COMPILATION_MODE = wholemodule;
				SWIFT_OPTIMIZATION_LEVEL = "-O";
				VALIDATE_PRODUCT = YES;
			};
			name = Release;
		};
		9ACCD0972786C3BF00877ABE /* Debug */ = {
			isa = XCBuildConfiguration;
			buildSettings = {
				ASSETCATALOG_COMPILER_APPICON_NAME = AppIcon;
				ASSETCATALOG_COMPILER_GLOBAL_ACCENT_COLOR_NAME = AccentColor;
				CODE_SIGN_STYLE = Automatic;
				CURRENT_PROJECT_VERSION = 1;
				DEVELOPMENT_TEAM = GY636G2259;
				GENERATE_INFOPLIST_FILE = YES;
				INFOPLIST_FILE = GenkouyoushiView01/Info.plist;
				INFOPLIST_KEY_UIApplicationSupportsIndirectInputEvents = YES;
				INFOPLIST_KEY_UILaunchStoryboardName = LaunchScreen;
				INFOPLIST_KEY_UIMainStoryboardFile = EditorViewController;
				INFOPLIST_KEY_UISupportedInterfaceOrientations = UIInterfaceOrientationLandscapeLeft;
				INFOPLIST_KEY_UISupportedInterfaceOrientations_iPad = "UIInterfaceOrientationPortrait UIInterfaceOrientationPortraitUpsideDown UIInterfaceOrientationLandscapeLeft UIInterfaceOrientationLandscapeRight";
				INFOPLIST_KEY_UISupportedInterfaceOrientations_iPhone = "UIInterfaceOrientationPortrait UIInterfaceOrientationLandscapeLeft UIInterfaceOrientationLandscapeRight";
				LD_RUNPATH_SEARCH_PATHS = (
					"$(inherited)",
					"@executable_path/Frameworks",
				);
				MARKETING_VERSION = 1.0;
				PRODUCT_BUNDLE_IDENTIFIER = com.kokitakeda.GenkouyoushiView01;
				PRODUCT_NAME = "$(TARGET_NAME)";
				SWIFT_EMIT_LOC_STRINGS = YES;
				SWIFT_VERSION = 5.0;
				TARGETED_DEVICE_FAMILY = "1,2";
			};
			name = Debug;
		};
		9ACCD0982786C3BF00877ABE /* Release */ = {
			isa = XCBuildConfiguration;
			buildSettings = {
				ASSETCATALOG_COMPILER_APPICON_NAME = AppIcon;
				ASSETCATALOG_COMPILER_GLOBAL_ACCENT_COLOR_NAME = AccentColor;
				CODE_SIGN_STYLE = Automatic;
				CURRENT_PROJECT_VERSION = 1;
				DEVELOPMENT_TEAM = GY636G2259;
				GENERATE_INFOPLIST_FILE = YES;
				INFOPLIST_FILE = GenkouyoushiView01/Info.plist;
				INFOPLIST_KEY_UIApplicationSupportsIndirectInputEvents = YES;
				INFOPLIST_KEY_UILaunchStoryboardName = LaunchScreen;
				INFOPLIST_KEY_UIMainStoryboardFile = EditorViewController;
				INFOPLIST_KEY_UISupportedInterfaceOrientations = UIInterfaceOrientationLandscapeLeft;
				INFOPLIST_KEY_UISupportedInterfaceOrientations_iPad = "UIInterfaceOrientationPortrait UIInterfaceOrientationPortraitUpsideDown UIInterfaceOrientationLandscapeLeft UIInterfaceOrientationLandscapeRight";
				INFOPLIST_KEY_UISupportedInterfaceOrientations_iPhone = "UIInterfaceOrientationPortrait UIInterfaceOrientationLandscapeLeft UIInterfaceOrientationLandscapeRight";
				LD_RUNPATH_SEARCH_PATHS = (
					"$(inherited)",
					"@executable_path/Frameworks",
				);
				MARKETING_VERSION = 1.0;
				PRODUCT_BUNDLE_IDENTIFIER = com.kokitakeda.GenkouyoushiView01;
				PRODUCT_NAME = "$(TARGET_NAME)";
				SWIFT_EMIT_LOC_STRINGS = YES;
				SWIFT_VERSION = 5.0;
				TARGETED_DEVICE_FAMILY = "1,2";
			};
			name = Release;
		};
/* End XCBuildConfiguration section */

/* Begin XCConfigurationList section */
		9ACCD07D2786C3BD00877ABE /* Build configuration list for PBXProject "GenkouyoushiView01" */ = {
			isa = XCConfigurationList;
			buildConfigurations = (
				9ACCD0942786C3BF00877ABE /* Debug */,
				9ACCD0952786C3BF00877ABE /* Release */,
			);
			defaultConfigurationIsVisible = 0;
			defaultConfigurationName = Release;
		};
		9ACCD0962786C3BF00877ABE /* Build configuration list for PBXNativeTarget "GenkouyoushiView01" */ = {
			isa = XCConfigurationList;
			buildConfigurations = (
				9ACCD0972786C3BF00877ABE /* Debug */,
				9ACCD0982786C3BF00877ABE /* Release */,
			);
			defaultConfigurationIsVisible = 0;
			defaultConfigurationName = Release;
		};
/* End XCConfigurationList section */
	};
	rootObject = 9ACCD07A2786C3BD00877ABE /* Project object */;
}
