{
  "object": {
    "pins": [
      {
        "package": "LocalConsole",
        "repositoryURL": "https://github.com/duraidabdul/LocalConsole/",
        "state": {
          "branch": null,
          "revision": "d995119198d9c4379ac5b2e023452dbde9162ce0",
          "version": "1.9.5"
        }
      }
    ]
  },
  "version": 1
}
